
Microsoft Visual Studio Solution File, Format Version 12.00
# Visual Studio Version 16
VisualStudioVersion = 16.0.29728.190
MinimumVisualStudioVersion = 10.0.40219.1
Project("{9A19103F-16F7-4668-BE54-9A1E7A4F7556}") = "LPChat", "LPChat\LPChat.csproj", "{970C0B1B-2373-43E6-9E60-176510D765C4}"
EndProject
Project("{9A19103F-16F7-4668-BE54-9A1E7A4F7556}") = "LPChat.Common", "LPChat.Common\LPChat.Common.csproj", "{CAA90E93-C966-4560-A425-079E3E0FACED}"
EndProject
Project("{9A19103F-16F7-4668-BE54-9A1E7A4F7556}") = "LPChat.Services", "LPChat.Services\LPChat.Services.csproj", "{339C2C69-2499-4299-A582-7EAA853FB9CA}"
EndProject
Project("{9A19103F-16F7-4668-BE54-9A1E7A4F7556}") = "LPChat.Data.MongoDb", "LPChat.Data.MongoDb\LPChat.Data.MongoDb.csproj", "{60337936-2C60-4C5C-9FD4-EB987A723B89}"
EndProject
Project("{9A19103F-16F7-4668-BE54-9A1E7A4F7556}") = "LPChat.Data.MongoDb.Abstractions", "LPChat.Data.MongoDb.Abstractions\LPChat.Data.MongoDb.Abstractions.csproj", "{5C7BEF1A-3D7C-4125-9467-A440A572F5E5}"
EndProject
Project("{FAE04EC0-301F-11D3-BF4B-00C04F79EFBC}") = "LPChat.Services.Abstractions", "LPChat.Services.Abstractions\LPChat.Services.Abstractions.csproj", "{DE7D5F92-2BFE-4C91-A634-96E5E329F4FA}"
EndProject
Global
	GlobalSection(SolutionConfigurationPlatforms) = preSolution
		Debug|Any CPU = Debug|Any CPU
		Release|Any CPU = Release|Any CPU
	EndGlobalSection
	GlobalSection(ProjectConfigurationPlatforms) = postSolution
		{970C0B1B-2373-43E6-9E60-176510D765C4}.Debug|Any CPU.ActiveCfg = Debug|Any CPU
		{970C0B1B-2373-43E6-9E60-176510D765C4}.Debug|Any CPU.Build.0 = Debug|Any CPU
		{970C0B1B-2373-43E6-9E60-176510D765C4}.Release|Any CPU.ActiveCfg = Release|Any CPU
		{970C0B1B-2373-43E6-9E60-176510D765C4}.Release|Any CPU.Build.0 = Release|Any CPU
		{CAA90E93-C966-4560-A425-079E3E0FACED}.Debug|Any CPU.ActiveCfg = Debug|Any CPU
		{CAA90E93-C966-4560-A425-079E3E0FACED}.Debug|Any CPU.Build.0 = Debug|Any CPU
		{CAA90E93-C966-4560-A425-079E3E0FACED}.Release|Any CPU.ActiveCfg = Release|Any CPU
		{CAA90E93-C966-4560-A425-079E3E0FACED}.Release|Any CPU.Build.0 = Release|Any CPU
		{339C2C69-2499-4299-A582-7EAA853FB9CA}.Debug|Any CPU.ActiveCfg = Debug|Any CPU
		{339C2C69-2499-4299-A582-7EAA853FB9CA}.Debug|Any CPU.Build.0 = Debug|Any CPU
		{339C2C69-2499-4299-A582-7EAA853FB9CA}.Release|Any CPU.ActiveCfg = Release|Any CPU
		{339C2C69-2499-4299-A582-7EAA853FB9CA}.Release|Any CPU.Build.0 = Release|Any CPU
		{60337936-2C60-4C5C-9FD4-EB987A723B89}.Debug|Any CPU.ActiveCfg = Debug|Any CPU
		{60337936-2C60-4C5C-9FD4-EB987A723B89}.Debug|Any CPU.Build.0 = Debug|Any CPU
		{60337936-2C60-4C5C-9FD4-EB987A723B89}.Release|Any CPU.ActiveCfg = Release|Any CPU
		{60337936-2C60-4C5C-9FD4-EB987A723B89}.Release|Any CPU.Build.0 = Release|Any CPU
		{5C7BEF1A-3D7C-4125-9467-A440A572F5E5}.Debug|Any CPU.ActiveCfg = Debug|Any CPU
		{5C7BEF1A-3D7C-4125-9467-A440A572F5E5}.Debug|Any CPU.Build.0 = Debug|Any CPU
		{5C7BEF1A-3D7C-4125-9467-A440A572F5E5}.Release|Any CPU.ActiveCfg = Release|Any CPU
		{5C7BEF1A-3D7C-4125-9467-A440A572F5E5}.Release|Any CPU.Build.0 = Release|Any CPU
		{DE7D5F92-2BFE-4C91-A634-96E5E329F4FA}.Debug|Any CPU.ActiveCfg = Debug|Any CPU
		{DE7D5F92-2BFE-4C91-A634-96E5E329F4FA}.Debug|Any CPU.Build.0 = Debug|Any CPU
		{DE7D5F92-2BFE-4C91-A634-96E5E329F4FA}.Release|Any CPU.ActiveCfg = Release|Any CPU
		{DE7D5F92-2BFE-4C91-A634-96E5E329F4FA}.Release|Any CPU.Build.0 = Release|Any CPU
	EndGlobalSection
	GlobalSection(SolutionProperties) = preSolution
		HideSolutionNode = FALSE
	EndGlobalSection
	GlobalSection(ExtensibilityGlobals) = postSolution
		SolutionGuid = {20844C87-5F9D-4206-9F13-F2F3D5EDC131}
	EndGlobalSection
EndGlobal
